
Microsoft Visual Studio Solution File, Format Version 12.00
# Visual Studio 2013
VisualStudioVersion = 12.0.31101.0
MinimumVisualStudioVersion = 10.0.40219.1
Project("{FAE04EC0-301F-11D3-BF4B-00C04F79EFBC}") = "Daruma", "Daruma\Daruma.csproj", "{5D9DE006-3C7E-4A31-9F94-7102030C2C33}"
EndProject
Project("{FAE04EC0-301F-11D3-BF4B-00C04F79EFBC}") = "QuotationGenerator", "QuotationGenerator\QuotationGenerator.csproj", "{A5CDF59D-F846-4BC3-ACCB-611C053DAE75}"
EndProject
Project("{FAE04EC0-301F-11D3-BF4B-00C04F79EFBC}") = "DarumaTileUpdatePeriodicAgent", "DarumaTileUpdatePeriodicAgent\DarumaTileUpdatePeriodicAgent.csproj", "{545FBE58-E84B-4689-9D10-AA61BF51D70E}"
EndProject
Project("{FAE04EC0-301F-11D3-BF4B-00C04F79EFBC}") = "DarumaResourcesPortable", "DarumaResourcesPortable\DarumaResourcesPortable.csproj", "{25555243-35EC-4105-888F-7D53716F82E4}"
EndProject
Project("{FAE04EC0-301F-11D3-BF4B-00C04F79EFBC}") = "DarumaBLLPortable", "DarumaBLLPortable\DarumaBLLPortable.csproj", "{529E8050-993E-45DC-B510-F7E64058A126}"
EndProject
Project("{FAE04EC0-301F-11D3-BF4B-00C04F79EFBC}") = "DarumaDAL.WP", "DarumaDAL.WP\DarumaDAL.WP.csproj", "{6DD0E516-6252-4507-AA39-E62725EB0E87}"
EndProject
Project("{2150E333-8FDC-42A3-9474-1A3956D46DE8}") = ".nuget", ".nuget", "{F4A6071B-6572-46E6-9AFA-704594E736CE}"
	ProjectSection(SolutionItems) = preProject
		.nuget\NuGet.Config = .nuget\NuGet.Config
		.nuget\NuGet.exe = .nuget\NuGet.exe
		.nuget\NuGet.targets = .nuget\NuGet.targets
	EndProjectSection
EndProject
Project("{FAE04EC0-301F-11D3-BF4B-00C04F79EFBC}") = "ShakeGesturesCS", "ShakeGesturesCS\ShakeGesturesCS.csproj", "{F5CE25E6-CF76-43AE-BBB2-2C98B21BCCD8}"
EndProject
Global
	GlobalSection(SolutionConfigurationPlatforms) = preSolution
		Debug|Any CPU = Debug|Any CPU
		Debug|ARM = Debug|ARM
		Debug|Mixed Platforms = Debug|Mixed Platforms
		Debug|x64 = Debug|x64
		Debug|x86 = Debug|x86
		Release|Any CPU = Release|Any CPU
		Release|ARM = Release|ARM
		Release|Mixed Platforms = Release|Mixed Platforms
		Release|x64 = Release|x64
		Release|x86 = Release|x86
	EndGlobalSection
	GlobalSection(ProjectConfigurationPlatforms) = postSolution
		{5D9DE006-3C7E-4A31-9F94-7102030C2C33}.Debug|Any CPU.ActiveCfg = Debug|Any CPU
		{5D9DE006-3C7E-4A31-9F94-7102030C2C33}.Debug|Any CPU.Build.0 = Debug|Any CPU
		{5D9DE006-3C7E-4A31-9F94-7102030C2C33}.Debug|Any CPU.Deploy.0 = Debug|Any CPU
		{5D9DE006-3C7E-4A31-9F94-7102030C2C33}.Debug|ARM.ActiveCfg = Debug|ARM
		{5D9DE006-3C7E-4A31-9F94-7102030C2C33}.Debug|ARM.Build.0 = Debug|ARM
		{5D9DE006-3C7E-4A31-9F94-7102030C2C33}.Debug|ARM.Deploy.0 = Debug|ARM
		{5D9DE006-3C7E-4A31-9F94-7102030C2C33}.Debug|Mixed Platforms.ActiveCfg = Debug|Any CPU
		{5D9DE006-3C7E-4A31-9F94-7102030C2C33}.Debug|Mixed Platforms.Build.0 = Debug|Any CPU
		{5D9DE006-3C7E-4A31-9F94-7102030C2C33}.Debug|Mixed Platforms.Deploy.0 = Debug|Any CPU
		{5D9DE006-3C7E-4A31-9F94-7102030C2C33}.Debug|x64.ActiveCfg = Debug|Any CPU
		{5D9DE006-3C7E-4A31-9F94-7102030C2C33}.Debug|x86.ActiveCfg = Debug|x86
		{5D9DE006-3C7E-4A31-9F94-7102030C2C33}.Debug|x86.Build.0 = Debug|x86
		{5D9DE006-3C7E-4A31-9F94-7102030C2C33}.Debug|x86.Deploy.0 = Debug|x86
		{5D9DE006-3C7E-4A31-9F94-7102030C2C33}.Release|Any CPU.ActiveCfg = Release|Any CPU
		{5D9DE006-3C7E-4A31-9F94-7102030C2C33}.Release|Any CPU.Build.0 = Release|Any CPU
		{5D9DE006-3C7E-4A31-9F94-7102030C2C33}.Release|Any CPU.Deploy.0 = Release|Any CPU
		{5D9DE006-3C7E-4A31-9F94-7102030C2C33}.Release|ARM.ActiveCfg = Release|ARM
		{5D9DE006-3C7E-4A31-9F94-7102030C2C33}.Release|ARM.Build.0 = Release|ARM
		{5D9DE006-3C7E-4A31-9F94-7102030C2C33}.Release|ARM.Deploy.0 = Release|ARM
		{5D9DE006-3C7E-4A31-9F94-7102030C2C33}.Release|Mixed Platforms.ActiveCfg = Release|x86
		{5D9DE006-3C7E-4A31-9F94-7102030C2C33}.Release|Mixed Platforms.Build.0 = Release|x86
		{5D9DE006-3C7E-4A31-9F94-7102030C2C33}.Release|Mixed Platforms.Deploy.0 = Release|x86
		{5D9DE006-3C7E-4A31-9F94-7102030C2C33}.Release|x64.ActiveCfg = Release|Any CPU
		{5D9DE006-3C7E-4A31-9F94-7102030C2C33}.Release|x86.ActiveCfg = Release|x86
		{5D9DE006-3C7E-4A31-9F94-7102030C2C33}.Release|x86.Build.0 = Release|x86
		{5D9DE006-3C7E-4A31-9F94-7102030C2C33}.Release|x86.Deploy.0 = Release|x86
		{A5CDF59D-F846-4BC3-ACCB-611C053DAE75}.Debug|Any CPU.ActiveCfg = Debug|Any CPU
		{A5CDF59D-F846-4BC3-ACCB-611C053DAE75}.Debug|Any CPU.Build.0 = Debug|Any CPU
		{A5CDF59D-F846-4BC3-ACCB-611C053DAE75}.Debug|ARM.ActiveCfg = Debug|Any CPU
		{A5CDF59D-F846-4BC3-ACCB-611C053DAE75}.Debug|Mixed Platforms.ActiveCfg = Debug|Any CPU
		{A5CDF59D-F846-4BC3-ACCB-611C053DAE75}.Debug|Mixed Platforms.Build.0 = Debug|Any CPU
		{A5CDF59D-F846-4BC3-ACCB-611C053DAE75}.Debug|x64.ActiveCfg = Debug|Any CPU
		{A5CDF59D-F846-4BC3-ACCB-611C053DAE75}.Debug|x86.ActiveCfg = Debug|Any CPU
		{A5CDF59D-F846-4BC3-ACCB-611C053DAE75}.Release|Any CPU.ActiveCfg = Release|Any CPU
		{A5CDF59D-F846-4BC3-ACCB-611C053DAE75}.Release|Any CPU.Build.0 = Release|Any CPU
		{A5CDF59D-F846-4BC3-ACCB-611C053DAE75}.Release|ARM.ActiveCfg = Release|Any CPU
		{A5CDF59D-F846-4BC3-ACCB-611C053DAE75}.Release|Mixed Platforms.ActiveCfg = Release|Any CPU
		{A5CDF59D-F846-4BC3-ACCB-611C053DAE75}.Release|Mixed Platforms.Build.0 = Release|Any CPU
		{A5CDF59D-F846-4BC3-ACCB-611C053DAE75}.Release|x64.ActiveCfg = Release|Any CPU
		{A5CDF59D-F846-4BC3-ACCB-611C053DAE75}.Release|x86.ActiveCfg = Release|Any CPU
		{545FBE58-E84B-4689-9D10-AA61BF51D70E}.Debug|Any CPU.ActiveCfg = Debug|Any CPU
		{545FBE58-E84B-4689-9D10-AA61BF51D70E}.Debug|Any CPU.Build.0 = Debug|Any CPU
		{545FBE58-E84B-4689-9D10-AA61BF51D70E}.Debug|ARM.ActiveCfg = Debug|ARM
		{545FBE58-E84B-4689-9D10-AA61BF51D70E}.Debug|ARM.Build.0 = Debug|ARM
		{545FBE58-E84B-4689-9D10-AA61BF51D70E}.Debug|Mixed Platforms.ActiveCfg = Debug|Any CPU
		{545FBE58-E84B-4689-9D10-AA61BF51D70E}.Debug|Mixed Platforms.Build.0 = Debug|Any CPU
		{545FBE58-E84B-4689-9D10-AA61BF51D70E}.Debug|x64.ActiveCfg = Debug|Any CPU
		{545FBE58-E84B-4689-9D10-AA61BF51D70E}.Debug|x86.ActiveCfg = Debug|x86
		{545FBE58-E84B-4689-9D10-AA61BF51D70E}.Debug|x86.Build.0 = Debug|x86
		{545FBE58-E84B-4689-9D10-AA61BF51D70E}.Release|Any CPU.ActiveCfg = Release|Any CPU
		{545FBE58-E84B-4689-9D10-AA61BF51D70E}.Release|Any CPU.Build.0 = Release|Any CPU
		{545FBE58-E84B-4689-9D10-AA61BF51D70E}.Release|ARM.ActiveCfg = Release|ARM
		{545FBE58-E84B-4689-9D10-AA61BF51D70E}.Release|ARM.Build.0 = Release|ARM
		{545FBE58-E84B-4689-9D10-AA61BF51D70E}.Release|Mixed Platforms.ActiveCfg = Release|x86
		{545FBE58-E84B-4689-9D10-AA61BF51D70E}.Release|Mixed Platforms.Build.0 = Release|x86
		{545FBE58-E84B-4689-9D10-AA61BF51D70E}.Release|x64.ActiveCfg = Release|Any CPU
		{545FBE58-E84B-4689-9D10-AA61BF51D70E}.Release|x86.ActiveCfg = Release|x86
		{545FBE58-E84B-4689-9D10-AA61BF51D70E}.Release|x86.Build.0 = Release|x86
		{25555243-35EC-4105-888F-7D53716F82E4}.Debug|Any CPU.ActiveCfg = Debug|Any CPU
		{25555243-35EC-4105-888F-7D53716F82E4}.Debug|Any CPU.Build.0 = Debug|Any CPU
		{25555243-35EC-4105-888F-7D53716F82E4}.Debug|ARM.ActiveCfg = Debug|Any CPU
		{25555243-35EC-4105-888F-7D53716F82E4}.Debug|Mixed Platforms.ActiveCfg = Debug|Any CPU
		{25555243-35EC-4105-888F-7D53716F82E4}.Debug|Mixed Platforms.Build.0 = Debug|Any CPU
		{25555243-35EC-4105-888F-7D53716F82E4}.Debug|x64.ActiveCfg = Debug|Any CPU
		{25555243-35EC-4105-888F-7D53716F82E4}.Debug|x86.ActiveCfg = Debug|Any CPU
		{25555243-35EC-4105-888F-7D53716F82E4}.Release|Any CPU.ActiveCfg = Release|Any CPU
		{25555243-35EC-4105-888F-7D53716F82E4}.Release|Any CPU.Build.0 = Release|Any CPU
		{25555243-35EC-4105-888F-7D53716F82E4}.Release|ARM.ActiveCfg = Release|Any CPU
		{25555243-35EC-4105-888F-7D53716F82E4}.Release|Mixed Platforms.ActiveCfg = Release|Any CPU
		{25555243-35EC-4105-888F-7D53716F82E4}.Release|Mixed Platforms.Build.0 = Release|Any CPU
		{25555243-35EC-4105-888F-7D53716F82E4}.Release|x64.ActiveCfg = Release|Any CPU
		{25555243-35EC-4105-888F-7D53716F82E4}.Release|x86.ActiveCfg = Release|Any CPU
		{529E8050-993E-45DC-B510-F7E64058A126}.Debug|Any CPU.ActiveCfg = Debug|Any CPU
		{529E8050-993E-45DC-B510-F7E64058A126}.Debug|Any CPU.Build.0 = Debug|Any CPU
		{529E8050-993E-45DC-B510-F7E64058A126}.Debug|ARM.ActiveCfg = Debug|Any CPU
		{529E8050-993E-45DC-B510-F7E64058A126}.Debug|Mixed Platforms.ActiveCfg = Debug|Any CPU
		{529E8050-993E-45DC-B510-F7E64058A126}.Debug|Mixed Platforms.Build.0 = Debug|Any CPU
		{529E8050-993E-45DC-B510-F7E64058A126}.Debug|x64.ActiveCfg = Debug|Any CPU
		{529E8050-993E-45DC-B510-F7E64058A126}.Debug|x86.ActiveCfg = Debug|Any CPU
		{529E8050-993E-45DC-B510-F7E64058A126}.Release|Any CPU.ActiveCfg = Release|Any CPU
		{529E8050-993E-45DC-B510-F7E64058A126}.Release|Any CPU.Build.0 = Release|Any CPU
		{529E8050-993E-45DC-B510-F7E64058A126}.Release|ARM.ActiveCfg = Release|Any CPU
		{529E8050-993E-45DC-B510-F7E64058A126}.Release|Mixed Platforms.ActiveCfg = Release|Any CPU
		{529E8050-993E-45DC-B510-F7E64058A126}.Release|Mixed Platforms.Build.0 = Release|Any CPU
		{529E8050-993E-45DC-B510-F7E64058A126}.Release|x64.ActiveCfg = Release|Any CPU
		{529E8050-993E-45DC-B510-F7E64058A126}.Release|x86.ActiveCfg = Release|Any CPU
		{6DD0E516-6252-4507-AA39-E62725EB0E87}.Debug|Any CPU.ActiveCfg = Debug|Any CPU
		{6DD0E516-6252-4507-AA39-E62725EB0E87}.Debug|Any CPU.Build.0 = Debug|Any CPU
		{6DD0E516-6252-4507-AA39-E62725EB0E87}.Debug|ARM.ActiveCfg = Debug|ARM
		{6DD0E516-6252-4507-AA39-E62725EB0E87}.Debug|ARM.Build.0 = Debug|ARM
		{6DD0E516-6252-4507-AA39-E62725EB0E87}.Debug|Mixed Platforms.ActiveCfg = Debug|Any CPU
		{6DD0E516-6252-4507-AA39-E62725EB0E87}.Debug|Mixed Platforms.Build.0 = Debug|Any CPU
		{6DD0E516-6252-4507-AA39-E62725EB0E87}.Debug|x64.ActiveCfg = Debug|Any CPU
		{6DD0E516-6252-4507-AA39-E62725EB0E87}.Debug|x86.ActiveCfg = Debug|x86
		{6DD0E516-6252-4507-AA39-E62725EB0E87}.Debug|x86.Build.0 = Debug|x86
		{6DD0E516-6252-4507-AA39-E62725EB0E87}.Release|Any CPU.ActiveCfg = Release|Any CPU
		{6DD0E516-6252-4507-AA39-E62725EB0E87}.Release|Any CPU.Build.0 = Release|Any CPU
		{6DD0E516-6252-4507-AA39-E62725EB0E87}.Release|ARM.ActiveCfg = Release|ARM
		{6DD0E516-6252-4507-AA39-E62725EB0E87}.Release|ARM.Build.0 = Release|ARM
		{6DD0E516-6252-4507-AA39-E62725EB0E87}.Release|Mixed Platforms.ActiveCfg = Release|x86
		{6DD0E516-6252-4507-AA39-E62725EB0E87}.Release|Mixed Platforms.Build.0 = Release|x86
		{6DD0E516-6252-4507-AA39-E62725EB0E87}.Release|x64.ActiveCfg = Release|Any CPU
		{6DD0E516-6252-4507-AA39-E62725EB0E87}.Release|x86.ActiveCfg = Release|x86
		{6DD0E516-6252-4507-AA39-E62725EB0E87}.Release|x86.Build.0 = Release|x86
		{F5CE25E6-CF76-43AE-BBB2-2C98B21BCCD8}.Debug|Any CPU.ActiveCfg = Debug|Any CPU
		{F5CE25E6-CF76-43AE-BBB2-2C98B21BCCD8}.Debug|Any CPU.Build.0 = Debug|Any CPU
		{F5CE25E6-CF76-43AE-BBB2-2C98B21BCCD8}.Debug|ARM.ActiveCfg = Debug|ARM
		{F5CE25E6-CF76-43AE-BBB2-2C98B21BCCD8}.Debug|ARM.Build.0 = Debug|ARM
		{F5CE25E6-CF76-43AE-BBB2-2C98B21BCCD8}.Debug|Mixed Platforms.ActiveCfg = Debug|x86
		{F5CE25E6-CF76-43AE-BBB2-2C98B21BCCD8}.Debug|Mixed Platforms.Build.0 = Debug|x86
		{F5CE25E6-CF76-43AE-BBB2-2C98B21BCCD8}.Debug|x64.ActiveCfg = Debug|Any CPU
		{F5CE25E6-CF76-43AE-BBB2-2C98B21BCCD8}.Debug|x86.ActiveCfg = Debug|x86
		{F5CE25E6-CF76-43AE-BBB2-2C98B21BCCD8}.Debug|x86.Build.0 = Debug|x86
		{F5CE25E6-CF76-43AE-BBB2-2C98B21BCCD8}.Release|Any CPU.ActiveCfg = Release|Any CPU
		{F5CE25E6-CF76-43AE-BBB2-2C98B21BCCD8}.Release|Any CPU.Build.0 = Release|Any CPU
		{F5CE25E6-CF76-43AE-BBB2-2C98B21BCCD8}.Release|ARM.ActiveCfg = Release|ARM
		{F5CE25E6-CF76-43AE-BBB2-2C98B21BCCD8}.Release|ARM.Build.0 = Release|ARM
		{F5CE25E6-CF76-43AE-BBB2-2C98B21BCCD8}.Release|Mixed Platforms.ActiveCfg = Release|x86
		{F5CE25E6-CF76-43AE-BBB2-2C98B21BCCD8}.Release|Mixed Platforms.Build.0 = Release|x86
		{F5CE25E6-CF76-43AE-BBB2-2C98B21BCCD8}.Release|x64.ActiveCfg = Release|Any CPU
		{F5CE25E6-CF76-43AE-BBB2-2C98B21BCCD8}.Release|x86.ActiveCfg = Release|x86
		{F5CE25E6-CF76-43AE-BBB2-2C98B21BCCD8}.Release|x86.Build.0 = Release|x86
	EndGlobalSection
	GlobalSection(SolutionProperties) = preSolution
		HideSolutionNode = FALSE
	EndGlobalSection
EndGlobal
